#MicroXplorer Configuration settings - do not modify
ADC1.Channel-3\#ChannelRegularConversion=ADC_CHANNEL_3
ADC1.Channel-4\#ChannelRegularConversion=ADC_CHANNEL_19
ADC1.Channel-5\#ChannelRegularConversion=ADC_CHANNEL_9
ADC1.ContinuousConvMode=ENABLE
ADC1.ConversionDataManagement=ADC_CONVERSIONDATA_DMA_CIRCULAR
ADC1.EOCSelection=ADC_EOC_SEQ_CONV
ADC1.IPParameters=Rank-3\#ChannelRegularConversion,Channel-3\#ChannelRegularConversion,SamplingTime-3\#ChannelRegularConversion,OffsetNumber-3\#ChannelRegularConversion,OffsetSignedSaturation-3\#ChannelRegularConversion,NbrOfConversionFlag,ContinuousConvMode,Rank-4\#ChannelRegularConversion,Channel-4\#ChannelRegularConversion,SamplingTime-4\#ChannelRegularConversion,OffsetNumber-4\#ChannelRegularConversion,OffsetSignedSaturation-4\#ChannelRegularConversion,Rank-5\#ChannelRegularConversion,Channel-5\#ChannelRegularConversion,SamplingTime-5\#ChannelRegularConversion,OffsetNumber-5\#ChannelRegularConversion,OffsetSignedSaturation-5\#ChannelRegularConversion,NbrOfConversion,EOCSelection,ConversionDataManagement,Overrun,master
ADC1.NbrOfConversion=3
ADC1.NbrOfConversionFlag=1
ADC1.OffsetNumber-3\#ChannelRegularConversion=ADC_OFFSET_NONE
ADC1.OffsetNumber-4\#ChannelRegularConversion=ADC_OFFSET_NONE
ADC1.OffsetNumber-5\#ChannelRegularConversion=ADC_OFFSET_NONE
ADC1.OffsetSignedSaturation-3\#ChannelRegularConversion=DISABLE
ADC1.OffsetSignedSaturation-4\#ChannelRegularConversion=DISABLE
ADC1.OffsetSignedSaturation-5\#ChannelRegularConversion=DISABLE
ADC1.Overrun=ADC_OVR_DATA_OVERWRITTEN
ADC1.Rank-3\#ChannelRegularConversion=1
ADC1.Rank-4\#ChannelRegularConversion=2
ADC1.Rank-5\#ChannelRegularConversion=3
ADC1.SamplingTime-3\#ChannelRegularConversion=ADC_SAMPLETIME_1CYCLE_5
ADC1.SamplingTime-4\#ChannelRegularConversion=ADC_SAMPLETIME_1CYCLE_5
ADC1.SamplingTime-5\#ChannelRegularConversion=ADC_SAMPLETIME_1CYCLE_5
ADC1.master=1
CAD.formats=
CAD.pinconfig=
CAD.provider=
CortexM4.IPs=BDMA,CORTEX_M4\:I,DEBUG,DMA,FATFS_M4\:I,FREERTOS_M4\:I,GPIO,IWDG2\:I,MDMA,NVIC2\:I,OPENAMP_M4\:I,PDM2PCM_M4\:I,PWR,RCC,RESMGR_UTILITY,SYS_M4\:I,USB_DEVICE_M4\:I,USB_HOST_M4\:I,VREFBUF,WWDG2\:I
CortexM7.IPs=BDMA\:I,CORTEX_M7\:I,DEBUG\:I,DMA\:I,FATFS_M7\:I,FREERTOS_M7\:I,GPIO\:I,IWDG1\:I,MDMA\:I,NVIC1\:I,OPENAMP_M7\:I,PDM2PCM_M7\:I,PWR\:I,RCC\:I,RESMGR_UTILITY\:I,SYS\:I,USB_DEVICE_M7\:I,USB_HOST_M7\:I,VREFBUF\:I,WWDG1\:I,ADC1\:I,FDCAN1\:I,FDCAN2\:I
Dma.ADC1.0.Direction=DMA_PERIPH_TO_MEMORY
Dma.ADC1.0.EventEnable=DISABLE
Dma.ADC1.0.FIFOMode=DMA_FIFOMODE_DISABLE
Dma.ADC1.0.Instance=DMA1_Stream0
Dma.ADC1.0.MemDataAlignment=DMA_MDATAALIGN_HALFWORD
Dma.ADC1.0.MemInc=DMA_MINC_ENABLE
Dma.ADC1.0.Mode=DMA_CIRCULAR
Dma.ADC1.0.PeriphDataAlignment=DMA_PDATAALIGN_HALFWORD
Dma.ADC1.0.PeriphInc=DMA_PINC_DISABLE
Dma.ADC1.0.Polarity=HAL_DMAMUX_REQ_GEN_RISING
Dma.ADC1.0.Priority=DMA_PRIORITY_VERY_HIGH
Dma.ADC1.0.RequestNumber=1
Dma.ADC1.0.RequestParameters=Instance,Direction,PeriphInc,MemInc,PeriphDataAlignment,MemDataAlignment,Mode,Priority,FIFOMode,SignalID,Polarity,RequestNumber,SyncSignalID,SyncPolarity,SyncEnable,EventEnable,SyncRequestNumber
Dma.ADC1.0.SignalID=NONE
Dma.ADC1.0.SyncEnable=DISABLE
Dma.ADC1.0.SyncPolarity=HAL_DMAMUX_SYNC_NO_EVENT
Dma.ADC1.0.SyncRequestNumber=1
Dma.ADC1.0.SyncSignalID=NONE
Dma.Request0=ADC1
Dma.RequestsNb=1
FDCAN1.CalculateBaudRateNominal=500000
FDCAN1.CalculateTimeBitNominal=2000
FDCAN1.CalculateTimeQuantumNominal=20.0
FDCAN1.DataPrescaler=25
FDCAN1.DataSyncJumpWidth=1
FDCAN1.DataTimeSeg1=2
FDCAN1.DataTimeSeg2=1
FDCAN1.IPParameters=CalculateTimeQuantumNominal,CalculateTimeBitNominal,CalculateBaudRateNominal,TxFifoQueueElmtsNbr,RxFifo0ElmtsNbr,Mode,NominalPrescaler,RxFifo1ElmtsNbr,MessageRAMOffset,StdFiltersNbr,NominalTimeSeg1,NominalTimeSeg2,NominalSyncJumpWidth,DataPrescaler,DataSyncJumpWidth,DataTimeSeg1,DataTimeSeg2
FDCAN1.MessageRAMOffset=0
FDCAN1.Mode=FDCAN_MODE_EXTERNAL_LOOPBACK
FDCAN1.NominalPrescaler=1
FDCAN1.NominalSyncJumpWidth=13
FDCAN1.NominalTimeSeg1=86
FDCAN1.NominalTimeSeg2=13
FDCAN1.RxFifo0ElmtsNbr=16
FDCAN1.RxFifo1ElmtsNbr=16
FDCAN1.StdFiltersNbr=1
FDCAN1.TxFifoQueueElmtsNbr=16
FDCAN2.AutoRetransmission=DISABLE
FDCAN2.CalculateBaudRateNominal=500000
FDCAN2.CalculateTimeBitNominal=2000
FDCAN2.CalculateTimeQuantumNominal=20.0
FDCAN2.DataPrescaler=25
FDCAN2.DataSyncJumpWidth=1
FDCAN2.DataTimeSeg1=2
FDCAN2.DataTimeSeg2=1
FDCAN2.IPParameters=CalculateTimeQuantumNominal,CalculateTimeBitNominal,CalculateBaudRateNominal,TxFifoQueueElmtsNbr,RxFifo0ElmtsNbr,AutoRetransmission,RxFifo1ElmtsNbr,MessageRAMOffset,TxFifoQueueMode,ProtocolException,NominalPrescaler,Mode,StdFiltersNbr,NominalSyncJumpWidth,DataPrescaler,DataSyncJumpWidth,DataTimeSeg1,DataTimeSeg2,NominalTimeSeg1,NominalTimeSeg2
FDCAN2.MessageRAMOffset=0x214
FDCAN2.Mode=FDCAN_MODE_EXTERNAL_LOOPBACK
FDCAN2.NominalPrescaler=1
FDCAN2.NominalSyncJumpWidth=13
FDCAN2.NominalTimeSeg1=86
FDCAN2.NominalTimeSeg2=13
FDCAN2.ProtocolException=DISABLE
FDCAN2.RxFifo0ElmtsNbr=16
FDCAN2.RxFifo1ElmtsNbr=16
FDCAN2.StdFiltersNbr=1
FDCAN2.TxFifoQueueElmtsNbr=16
FDCAN2.TxFifoQueueMode=FDCAN_TX_FIFO_OPERATION
File.Version=6
KeepUserPlacement=false
Mcu.CPN=STM32H745ZIT3
Mcu.Context0=CortexM7
Mcu.Context1=CortexM4
Mcu.ContextNb=2
Mcu.Family=STM32H7
Mcu.IP0=ADC1
Mcu.IP1=CORTEX_M4
Mcu.IP2=CORTEX_M7
Mcu.IP3=DMA
Mcu.IP4=FDCAN1
Mcu.IP5=FDCAN2
Mcu.IP6=NVIC1
Mcu.IP7=NVIC2
Mcu.IP8=RCC
Mcu.IPNb=9
Mcu.Name=STM32H745ZITx
Mcu.Package=LQFP144
Mcu.Pin0=PA5
Mcu.Pin1=PA6
Mcu.Pin2=PB0
Mcu.Pin3=PB12
Mcu.Pin4=PB13
Mcu.Pin5=PA11
Mcu.Pin6=PA12
Mcu.PinsNb=7
Mcu.ThirdPartyNb=0
Mcu.UserConstants=
Mcu.UserName=STM32H745ZITx
MxCube.Version=6.9.1
MxDb.Version=DB.6.0.91
NVIC1.BusFault_IRQn=true\:0\:0\:false\:false\:true\:false\:false\:false
NVIC1.DebugMonitor_IRQn=true\:0\:0\:false\:false\:true\:false\:false\:false
NVIC1.ForceEnableDMAVector=false
NVIC1.HardFault_IRQn=true\:0\:0\:false\:false\:true\:false\:false\:false
NVIC1.MemoryManagement_IRQn=true\:0\:0\:false\:false\:true\:false\:false\:false
NVIC1.NonMaskableInt_IRQn=true\:0\:0\:false\:false\:true\:false\:false\:false
NVIC1.PendSV_IRQn=true\:0\:0\:false\:false\:true\:false\:false\:false
NVIC1.PriorityGroup=NVIC_PRIORITYGROUP_4
NVIC1.SVCall_IRQn=true\:0\:0\:false\:false\:true\:false\:false\:false
NVIC1.SysTick_IRQn=true\:15\:0\:false\:false\:true\:false\:true\:false
NVIC1.UsageFault_IRQn=true\:0\:0\:false\:false\:true\:false\:false\:false
NVIC2.BusFault_IRQn=true\:0\:0\:false\:false\:true\:false\:false\:false
NVIC2.DebugMonitor_IRQn=true\:0\:0\:false\:false\:true\:false\:false\:false
NVIC2.ForceEnableDMAVector=true
NVIC2.HardFault_IRQn=true\:0\:0\:false\:false\:true\:false\:false\:false
NVIC2.MemoryManagement_IRQn=true\:0\:0\:false\:false\:true\:false\:false\:false
NVIC2.NonMaskableInt_IRQn=true\:0\:0\:false\:false\:true\:false\:false\:false
NVIC2.PendSV_IRQn=true\:0\:0\:false\:false\:true\:false\:false\:false
NVIC2.PriorityGroup=NVIC_PRIORITYGROUP_4
NVIC2.SVCall_IRQn=true\:0\:0\:false\:false\:true\:false\:false\:false
NVIC2.SysTick_IRQn=true\:15\:0\:false\:false\:true\:false\:true\:false
NVIC2.UsageFault_IRQn=true\:0\:0\:false\:false\:true\:false\:false\:false
PA11.GPIOParameters=PinAttribute
PA11.Mode=FDCAN_Activate
PA11.PinAttribute=CortexM7
PA11.Signal=FDCAN1_RX
PA12.GPIOParameters=PinAttribute
PA12.Mode=FDCAN_Activate
PA12.PinAttribute=CortexM7
PA12.Signal=FDCAN1_TX
PA5.GPIOParameters=PinAttribute
PA5.PinAttribute=CortexM7
PA5.Signal=ADCx_INP19
PA6.GPIOParameters=PinAttribute
PA6.Locked=true
PA6.PinAttribute=CortexM7
PA6.Signal=ADCx_INP3
PB0.GPIOParameters=PinAttribute
PB0.PinAttribute=CortexM7
PB0.Signal=ADCx_INP9
PB12.GPIOParameters=PinAttribute
PB12.Mode=FDCAN_Activate
PB12.PinAttribute=CortexM7
PB12.Signal=FDCAN2_RX
PB13.GPIOParameters=PinAttribute
PB13.Mode=FDCAN_Activate
PB13.PinAttribute=CortexM7
PB13.Signal=FDCAN2_TX
PinOutPanel.RotationAngle=0
ProjectManager.AskForMigrate=true
ProjectManager.BackupPrevious=false
ProjectManager.BootMode=boot0
ProjectManager.CompilerOptimize=6
ProjectManager.ComputerToolchain=false
ProjectManager.CoupleFile=false
ProjectManager.CustomerFirmwarePackage=
ProjectManager.DefaultFWLocation=true
ProjectManager.DeletePrevious=true
ProjectManager.DeviceId=STM32H745ZITx
ProjectManager.FirmwarePackage=STM32Cube FW_H7 V1.11.1
ProjectManager.FreePins=false
ProjectManager.HalAssertFull=false
ProjectManager.HeapSize=M4-0x200,M7-0x200
ProjectManager.KeepUserCode=true
ProjectManager.LastFirmware=true
ProjectManager.LibraryCopy=1
ProjectManager.MainLocation=Core/Src
ProjectManager.NoMain=false
ProjectManager.PreviousToolchain=
ProjectManager.ProjectBuild=false
ProjectManager.ProjectFileName=VCU-H745ZI-Q.ioc
ProjectManager.ProjectName=VCU-H745ZI-Q
ProjectManager.ProjectStructure=M7\:Non Secure Project\:true;M4\:Non Secure Project\:true;
ProjectManager.RegisterCallBack=
ProjectManager.StackSize=M4-0x400,M7-0x400
ProjectManager.TargetToolchain=STM32CubeIDE
ProjectManager.ToolChainLocation=
ProjectManager.UAScriptAfterPath=
ProjectManager.UAScriptBeforePath=
ProjectManager.UnderRoot=true
ProjectManager.functionlistsort=1-SystemClock_Config-RCC-false-HAL-false-CortexM7,2-MX_GPIO_Init-GPIO-false-HAL-true-CortexM7,3-MX_DMA_Init-DMA-false-HAL-true-CortexM7,4-MX_ADC1_Init-ADC1-false-HAL-true-CortexM7,5-MX_FDCAN1_Init-FDCAN1-false-HAL-true-CortexM7,6-MX_FDCAN2_Init-FDCAN2-false-HAL-true-CortexM7,1-MX_DMA_Init-DMA-false-HAL-true-CortexM4,0-MX_CORTEX_M7_Init-CORTEX_M7-false-HAL-true-CortexM7,0-MX_CORTEX_M4_Init-CORTEX_M4-false-HAL-true-CortexM4
RCC.ADCFreq_Value=37500000
RCC.AHB12Freq_Value=64000000
RCC.AHB4Freq_Value=64000000
RCC.APB1Freq_Value=64000000
RCC.APB2Freq_Value=64000000
RCC.APB3Freq_Value=64000000
RCC.APB4Freq_Value=64000000
RCC.AXIClockFreq_Value=64000000
RCC.CECFreq_Value=32000
RCC.CKPERFreq_Value=64000000
RCC.CPU2Freq_Value=64000000
RCC.CPU2SystikFreq_Value=64000000
RCC.CortexFreq_Value=64000000
RCC.CpuClockFreq_Value=64000000
RCC.D1CPREFreq_Value=64000000
RCC.DFSDMACLkFreq_Value=50000000
RCC.DFSDMFreq_Value=64000000
RCC.DIVM1=4
RCC.DIVM2=4
RCC.DIVN1=9
RCC.DIVN2=9
RCC.DIVP1Freq_Value=75000000
RCC.DIVP2=4
RCC.DIVP2Freq_Value=37500000
RCC.DIVP3Freq_Value=129000000
RCC.DIVQ1=3
RCC.DIVQ1Freq_Value=50000000
RCC.DIVQ2Freq_Value=75000000
RCC.DIVQ3Freq_Value=129000000
RCC.DIVR1Freq_Value=75000000
RCC.DIVR2Freq_Value=75000000
RCC.DIVR3Freq_Value=129000000
RCC.FDCANFreq_Value=50000000
RCC.FMCFreq_Value=64000000
RCC.FamilyName=M
RCC.HCLK3ClockFreq_Value=64000000
RCC.HCLKFreq_Value=64000000
RCC.HRTIMFreq_Value=64000000
RCC.I2C123Freq_Value=64000000
RCC.I2C4Freq_Value=64000000
RCC.IPParameters=ADCFreq_Value,AHB12Freq_Value,AHB4Freq_Value,APB1Freq_Value,APB2Freq_Value,APB3Freq_Value,APB4Freq_Value,AXIClockFreq_Value,CECFreq_Value,CKPERFreq_Value,CPU2Freq_Value,CPU2SystikFreq_Value,CortexFreq_Value,CpuClockFreq_Value,D1CPREFreq_Value,DFSDMACLkFreq_Value,DFSDMFreq_Value,DIVM1,DIVM2,DIVN1,DIVN2,DIVP1Freq_Value,DIVP2,DIVP2Freq_Value,DIVP3Freq_Value,DIVQ1,DIVQ1Freq_Value,DIVQ2Freq_Value,DIVQ3Freq_Value,DIVR1Freq_Value,DIVR2Freq_Value,DIVR3Freq_Value,FDCANFreq_Value,FMCFreq_Value,FamilyName,HCLK3ClockFreq_Value,HCLKFreq_Value,HRTIMFreq_Value,I2C123Freq_Value,I2C4Freq_Value,LPTIM1Freq_Value,LPTIM2Freq_Value,LPTIM345Freq_Value,LPUART1Freq_Value,LTDCFreq_Value,MCO1PinFreq_Value,MCO2PinFreq_Value,PLL2FRACN,PLLFRACN,QSPIFreq_Value,RNGFreq_Value,RTCFreq_Value,SAI1Freq_Value,SAI23Freq_Value,SAI4AFreq_Value,SAI4BFreq_Value,SDMMCFreq_Value,SPDIFRXFreq_Value,SPI123Freq_Value,SPI45Freq_Value,SPI6Freq_Value,SWPMI1Freq_Value,SYSCLKFreq_VALUE,Tim1OutputFreq_Value,Tim2OutputFreq_Value,TraceFreq_Value,USART16Freq_Value,USART234578Freq_Value,USBFreq_Value,VCO1OutputFreq_Value,VCO2OutputFreq_Value,VCO3OutputFreq_Value,VCOInput1Freq_Value,VCOInput2Freq_Value,VCOInput3Freq_Value
RCC.LPTIM1Freq_Value=64000000
RCC.LPTIM2Freq_Value=64000000
RCC.LPTIM345Freq_Value=64000000
RCC.LPUART1Freq_Value=64000000
RCC.LTDCFreq_Value=129000000
RCC.MCO1PinFreq_Value=64000000
RCC.MCO2PinFreq_Value=64000000
RCC.PLL2FRACN=3072
RCC.PLLFRACN=3072
RCC.QSPIFreq_Value=64000000
RCC.RNGFreq_Value=48000000
RCC.RTCFreq_Value=32000
RCC.SAI1Freq_Value=50000000
RCC.SAI23Freq_Value=50000000
RCC.SAI4AFreq_Value=50000000
RCC.SAI4BFreq_Value=50000000
RCC.SDMMCFreq_Value=50000000
RCC.SPDIFRXFreq_Value=50000000
RCC.SPI123Freq_Value=50000000
RCC.SPI45Freq_Value=64000000
RCC.SPI6Freq_Value=64000000
RCC.SWPMI1Freq_Value=64000000
RCC.SYSCLKFreq_VALUE=64000000
RCC.Tim1OutputFreq_Value=64000000
RCC.Tim2OutputFreq_Value=64000000
RCC.TraceFreq_Value=64000000
RCC.USART16Freq_Value=64000000
RCC.USART234578Freq_Value=64000000
RCC.USBFreq_Value=50000000
RCC.VCO1OutputFreq_Value=150000000
RCC.VCO2OutputFreq_Value=150000000
RCC.VCO3OutputFreq_Value=258000000
RCC.VCOInput1Freq_Value=16000000
RCC.VCOInput2Freq_Value=16000000
RCC.VCOInput3Freq_Value=2000000
SH.ADCx_INP19.0=ADC1_INP19,IN19-Single-Ended
SH.ADCx_INP19.ConfNb=1
SH.ADCx_INP3.0=ADC1_INP3,IN3-Single-Ended
SH.ADCx_INP3.ConfNb=1
SH.ADCx_INP9.0=ADC1_INP9,IN9-Single-Ended
SH.ADCx_INP9.ConfNb=1
board=custom
isbadioc=false
